
Microsoft Visual Studio Solution File, Format Version 12.00
# Visual Studio Version 17
VisualStudioVersion = 17.0.32126.317
MinimumVisualStudioVersion = 10.0.40219.1
Project("{FAE04EC0-301F-11D3-BF4B-00C04F79EFBC}") = "University", "University\University.csproj", "{ED766933-B770-4078-91BC-70CFB0FBBC04}"
EndProject
Global
	GlobalSection(SolutionConfigurationPlatforms) = preSolution
		Debug|Any CPU = Debug|Any CPU
		Release|Any CPU = Release|Any CPU
	EndGlobalSection
	GlobalSection(ProjectConfigurationPlatforms) = postSolution
		{ED766933-B770-4078-91BC-70CFB0FBBC04}.Debug|Any CPU.ActiveCfg = Debug|Any CPU
		{ED766933-B770-4078-91BC-70CFB0FBBC04}.Debug|Any CPU.Build.0 = Debug|Any CPU
		{ED766933-B770-4078-91BC-70CFB0FBBC04}.Release|Any CPU.ActiveCfg = Release|Any CPU
		{ED766933-B770-4078-91BC-70CFB0FBBC04}.Release|Any CPU.Build.0 = Release|Any CPU
	EndGlobalSection
	GlobalSection(SolutionProperties) = preSolution
		HideSolutionNode = FALSE
	EndGlobalSection
	GlobalSection(ExtensibilityGlobals) = postSolution
		SolutionGuid = {5E43FD05-9B09-4A50-84E5-0EE52DB9A6F4}
	EndGlobalSection
EndGlobal
